
Microsoft Visual Studio Solution File, Format Version 12.00
# Visual Studio Version 17
VisualStudioVersion = 17.4.33213.308
MinimumVisualStudioVersion = 10.0.40219.1
Project("{FAE04EC0-301F-11D3-BF4B-00C04F79EFBC}") = "ConsoleApp15", "ConsoleApp15.csproj", "{11191C76-2E76-4810-8D49-CC699CE667DB}"
EndProject
Global
	GlobalSection(SolutionConfigurationPlatforms) = preSolution
		Debug|Any CPU = Debug|Any CPU
		Release|Any CPU = Release|Any CPU
	EndGlobalSection
	GlobalSection(ProjectConfigurationPlatforms) = postSolution
		{11191C76-2E76-4810-8D49-CC699CE667DB}.Debug|Any CPU.ActiveCfg = Debug|Any CPU
		{11191C76-2E76-4810-8D49-CC699CE667DB}.Debug|Any CPU.Build.0 = Debug|Any CPU
		{11191C76-2E76-4810-8D49-CC699CE667DB}.Release|Any CPU.ActiveCfg = Release|Any CPU
		{11191C76-2E76-4810-8D49-CC699CE667DB}.Release|Any CPU.Build.0 = Release|Any CPU
	EndGlobalSection
	GlobalSection(SolutionProperties) = preSolution
		HideSolutionNode = FALSE
	EndGlobalSection
	GlobalSection(ExtensibilityGlobals) = postSolution
		SolutionGuid = {C91E6472-1C3B-498F-82DA-EBC109317A0C}
	EndGlobalSection
EndGlobal
